
Microsoft Visual Studio Solution File, Format Version 12.00
# Visual Studio 15
VisualStudioVersion = 15.0.28307.539
MinimumVisualStudioVersion = 10.0.40219.1
Project("{FAE04EC0-301F-11D3-BF4B-00C04F79EFBC}") = "EZNEW.Framework", "EZNEW.Framework\EZNEW.Framework.csproj", "{10572984-657B-4E6F-BFF2-3A0706B715B1}"
EndProject
Global
	GlobalSection(SolutionConfigurationPlatforms) = preSolution
		Debug|Any CPU = Debug|Any CPU
		Release|Any CPU = Release|Any CPU
	EndGlobalSection
	GlobalSection(ProjectConfigurationPlatforms) = postSolution
		{10572984-657B-4E6F-BFF2-3A0706B715B1}.Debug|Any CPU.ActiveCfg = Debug|Any CPU
		{10572984-657B-4E6F-BFF2-3A0706B715B1}.Debug|Any CPU.Build.0 = Debug|Any CPU
		{10572984-657B-4E6F-BFF2-3A0706B715B1}.Release|Any CPU.ActiveCfg = Release|Any CPU
		{10572984-657B-4E6F-BFF2-3A0706B715B1}.Release|Any CPU.Build.0 = Release|Any CPU
	EndGlobalSection
	GlobalSection(SolutionProperties) = preSolution
		HideSolutionNode = FALSE
	EndGlobalSection
	GlobalSection(ExtensibilityGlobals) = postSolution
		SolutionGuid = {9ECB3907-769E-44B1-8A1D-B7F454015829}
	EndGlobalSection
EndGlobal
