
Microsoft Visual Studio Solution File, Format Version 12.00
# Visual Studio Version 16
VisualStudioVersion = 16.0.29613.14
MinimumVisualStudioVersion = 10.0.40219.1
Project("{9A19103F-16F7-4668-BE54-9A1E7A4F7556}") = "EZNEW.Web", "EZNEW.Web\EZNEW.Web.csproj", "{270FE08A-9A51-49C2-AF4A-09A6428C9957}"
EndProject
Project("{FAE04EC0-301F-11D3-BF4B-00C04F79EFBC}") = "EZNEW.Web3.0", "EZNEW.Web3.0\EZNEW.Web3.0.csproj", "{D4B466B0-5596-4FEB-AC89-4873B5F47570}"
EndProject
Global
	GlobalSection(SolutionConfigurationPlatforms) = preSolution
		Debug|Any CPU = Debug|Any CPU
		Release|Any CPU = Release|Any CPU
	EndGlobalSection
	GlobalSection(ProjectConfigurationPlatforms) = postSolution
		{270FE08A-9A51-49C2-AF4A-09A6428C9957}.Debug|Any CPU.ActiveCfg = Debug|Any CPU
		{270FE08A-9A51-49C2-AF4A-09A6428C9957}.Debug|Any CPU.Build.0 = Debug|Any CPU
		{270FE08A-9A51-49C2-AF4A-09A6428C9957}.Release|Any CPU.ActiveCfg = Release|Any CPU
		{270FE08A-9A51-49C2-AF4A-09A6428C9957}.Release|Any CPU.Build.0 = Release|Any CPU
		{D4B466B0-5596-4FEB-AC89-4873B5F47570}.Debug|Any CPU.ActiveCfg = Debug|Any CPU
		{D4B466B0-5596-4FEB-AC89-4873B5F47570}.Debug|Any CPU.Build.0 = Debug|Any CPU
		{D4B466B0-5596-4FEB-AC89-4873B5F47570}.Release|Any CPU.ActiveCfg = Release|Any CPU
		{D4B466B0-5596-4FEB-AC89-4873B5F47570}.Release|Any CPU.Build.0 = Release|Any CPU
	EndGlobalSection
	GlobalSection(SolutionProperties) = preSolution
		HideSolutionNode = FALSE
	EndGlobalSection
	GlobalSection(ExtensibilityGlobals) = postSolution
		SolutionGuid = {77A7F6D6-2F8F-4419-8E4D-69D4C5A53FA0}
	EndGlobalSection
EndGlobal
