
Microsoft Visual Studio Solution File, Format Version 12.00
# Visual Studio Version 17
VisualStudioVersion = 17.8.34511.84
MinimumVisualStudioVersion = 10.0.40219.1
Project("{9A19103F-16F7-4668-BE54-9A1E7A4F7556}") = "Sixnet.Web", "Sixnet.Web\Sixnet.Web.csproj", "{491C7687-684C-43A5-AA42-EE7B122726E9}"
EndProject
Global
	GlobalSection(SolutionConfigurationPlatforms) = preSolution
		Debug|Any CPU = Debug|Any CPU
		Release|Any CPU = Release|Any CPU
	EndGlobalSection
	GlobalSection(ProjectConfigurationPlatforms) = postSolution
		{491C7687-684C-43A5-AA42-EE7B122726E9}.Debug|Any CPU.ActiveCfg = Debug|Any CPU
		{491C7687-684C-43A5-AA42-EE7B122726E9}.Debug|Any CPU.Build.0 = Debug|Any CPU
		{491C7687-684C-43A5-AA42-EE7B122726E9}.Release|Any CPU.ActiveCfg = Release|Any CPU
		{491C7687-684C-43A5-AA42-EE7B122726E9}.Release|Any CPU.Build.0 = Release|Any CPU
	EndGlobalSection
	GlobalSection(SolutionProperties) = preSolution
		HideSolutionNode = FALSE
	EndGlobalSection
	GlobalSection(ExtensibilityGlobals) = postSolution
		SolutionGuid = {77A7F6D6-2F8F-4419-8E4D-69D4C5A53FA0}
	EndGlobalSection
EndGlobal
